
Microsoft Visual Studio Solution File, Format Version 12.00
# Visual Studio Version 17
VisualStudioVersion = 17.9.34616.47
MinimumVisualStudioVersion = 10.0.40219.1
Project("{9A19103F-16F7-4668-BE54-9A1E7A4F7556}") = "WordFinder", "src\WordFinderSolution\WordFinder.csproj", "{890B4D80-1892-4782-88A1-AE54AE8ECFBF}"
EndProject
Project("{FAE04EC0-301F-11D3-BF4B-00C04F79EFBC}") = "WordFinderSolutionTest", "test\WordFinderSolutionTest\WordFinderSolutionTest.csproj", "{C9A569BA-63D4-49CB-83B6-0B12D6EB4A87}"
	ProjectSection(ProjectDependencies) = postProject
		{890B4D80-1892-4782-88A1-AE54AE8ECFBF} = {890B4D80-1892-4782-88A1-AE54AE8ECFBF}
	EndProjectSection
EndProject
Global
	GlobalSection(SolutionConfigurationPlatforms) = preSolution
		Debug|Any CPU = Debug|Any CPU
		Release|Any CPU = Release|Any CPU
	EndGlobalSection
	GlobalSection(ProjectConfigurationPlatforms) = postSolution
		{890B4D80-1892-4782-88A1-AE54AE8ECFBF}.Debug|Any CPU.ActiveCfg = Debug|Any CPU
		{890B4D80-1892-4782-88A1-AE54AE8ECFBF}.Debug|Any CPU.Build.0 = Debug|Any CPU
		{890B4D80-1892-4782-88A1-AE54AE8ECFBF}.Release|Any CPU.ActiveCfg = Release|Any CPU
		{890B4D80-1892-4782-88A1-AE54AE8ECFBF}.Release|Any CPU.Build.0 = Release|Any CPU
		{C9A569BA-63D4-49CB-83B6-0B12D6EB4A87}.Debug|Any CPU.ActiveCfg = Debug|Any CPU
		{C9A569BA-63D4-49CB-83B6-0B12D6EB4A87}.Debug|Any CPU.Build.0 = Debug|Any CPU
		{C9A569BA-63D4-49CB-83B6-0B12D6EB4A87}.Release|Any CPU.ActiveCfg = Release|Any CPU
		{C9A569BA-63D4-49CB-83B6-0B12D6EB4A87}.Release|Any CPU.Build.0 = Release|Any CPU
	EndGlobalSection
	GlobalSection(SolutionProperties) = preSolution
		HideSolutionNode = FALSE
	EndGlobalSection
	GlobalSection(ExtensibilityGlobals) = postSolution
		SolutionGuid = {59D90C8F-4885-43E3-AEC0-892DDFE978E8}
	EndGlobalSection
EndGlobal
